
Microsoft Visual Studio Solution File, Format Version 12.00
# Visual Studio Version 16
VisualStudioVersion = 16.0.29905.134
MinimumVisualStudioVersion = 10.0.40219.1
Project("{9A19103F-16F7-4668-BE54-9A1E7A4F7556}") = "BusinessLayer", "BusinessLayer\BusinessLayer.csproj", "{976D0D0C-E9F6-4847-B9A6-008E393ED34C}"
EndProject
Project("{9A19103F-16F7-4668-BE54-9A1E7A4F7556}") = "Service", "Service\Service.csproj", "{6B459827-4003-4E4D-A38F-9D0ED8307CF5}"
EndProject
Project("{9A19103F-16F7-4668-BE54-9A1E7A4F7556}") = "RepositoryLayer", "RepositoryLayer\RepositoryLayer.csproj", "{97E0C773-BCAA-4A0E-95C8-E173C5975974}"
EndProject
Project("{9A19103F-16F7-4668-BE54-9A1E7A4F7556}") = "ModelLayer", "ModelLayer\ModelLayer.csproj", "{ED5400D1-A785-4098-A49A-FD884B049889}"
EndProject
Global
	GlobalSection(SolutionConfigurationPlatforms) = preSolution
		Debug|Any CPU = Debug|Any CPU
		Release|Any CPU = Release|Any CPU
	EndGlobalSection
	GlobalSection(ProjectConfigurationPlatforms) = postSolution
		{976D0D0C-E9F6-4847-B9A6-008E393ED34C}.Debug|Any CPU.ActiveCfg = Debug|Any CPU
		{976D0D0C-E9F6-4847-B9A6-008E393ED34C}.Debug|Any CPU.Build.0 = Debug|Any CPU
		{976D0D0C-E9F6-4847-B9A6-008E393ED34C}.Release|Any CPU.ActiveCfg = Release|Any CPU
		{976D0D0C-E9F6-4847-B9A6-008E393ED34C}.Release|Any CPU.Build.0 = Release|Any CPU
		{6B459827-4003-4E4D-A38F-9D0ED8307CF5}.Debug|Any CPU.ActiveCfg = Debug|Any CPU
		{6B459827-4003-4E4D-A38F-9D0ED8307CF5}.Debug|Any CPU.Build.0 = Debug|Any CPU
		{6B459827-4003-4E4D-A38F-9D0ED8307CF5}.Release|Any CPU.ActiveCfg = Release|Any CPU
		{6B459827-4003-4E4D-A38F-9D0ED8307CF5}.Release|Any CPU.Build.0 = Release|Any CPU
		{97E0C773-BCAA-4A0E-95C8-E173C5975974}.Debug|Any CPU.ActiveCfg = Debug|Any CPU
		{97E0C773-BCAA-4A0E-95C8-E173C5975974}.Debug|Any CPU.Build.0 = Debug|Any CPU
		{97E0C773-BCAA-4A0E-95C8-E173C5975974}.Release|Any CPU.ActiveCfg = Release|Any CPU
		{97E0C773-BCAA-4A0E-95C8-E173C5975974}.Release|Any CPU.Build.0 = Release|Any CPU
		{ED5400D1-A785-4098-A49A-FD884B049889}.Debug|Any CPU.ActiveCfg = Debug|Any CPU
		{ED5400D1-A785-4098-A49A-FD884B049889}.Debug|Any CPU.Build.0 = Debug|Any CPU
		{ED5400D1-A785-4098-A49A-FD884B049889}.Release|Any CPU.ActiveCfg = Release|Any CPU
		{ED5400D1-A785-4098-A49A-FD884B049889}.Release|Any CPU.Build.0 = Release|Any CPU
	EndGlobalSection
	GlobalSection(SolutionProperties) = preSolution
		HideSolutionNode = FALSE
	EndGlobalSection
	GlobalSection(ExtensibilityGlobals) = postSolution
		SolutionGuid = {946162CB-7840-4A96-80ED-5FE992EFA463}
	EndGlobalSection
EndGlobal
